
Microsoft Visual Studio Solution File, Format Version 12.00
# Visual Studio Version 17
VisualStudioVersion = 17.2.32526.322
MinimumVisualStudioVersion = 10.0.40219.1
Project("{FAE04EC0-301F-11D3-BF4B-00C04F79EFBC}") = "Brick_Breaker", "Brick_Breaker\Brick_Breaker.csproj", "{F950C036-1A88-4F2D-AD1D-0AEB4E8E8CBB}"
EndProject
Global
	GlobalSection(SolutionConfigurationPlatforms) = preSolution
		Debug|Any CPU = Debug|Any CPU
		Release|Any CPU = Release|Any CPU
	EndGlobalSection
	GlobalSection(ProjectConfigurationPlatforms) = postSolution
		{F950C036-1A88-4F2D-AD1D-0AEB4E8E8CBB}.Debug|Any CPU.ActiveCfg = Debug|Any CPU
		{F950C036-1A88-4F2D-AD1D-0AEB4E8E8CBB}.Debug|Any CPU.Build.0 = Debug|Any CPU
		{F950C036-1A88-4F2D-AD1D-0AEB4E8E8CBB}.Release|Any CPU.ActiveCfg = Release|Any CPU
		{F950C036-1A88-4F2D-AD1D-0AEB4E8E8CBB}.Release|Any CPU.Build.0 = Release|Any CPU
	EndGlobalSection
	GlobalSection(SolutionProperties) = preSolution
		HideSolutionNode = FALSE
	EndGlobalSection
	GlobalSection(ExtensibilityGlobals) = postSolution
		SolutionGuid = {929CFEE0-1183-4CFB-96E7-ABACEF05DB54}
	EndGlobalSection
EndGlobal
